
Microsoft Visual Studio Solution File, Format Version 12.00
# Visual Studio Version 17
VisualStudioVersion = 17.3.32901.215
MinimumVisualStudioVersion = 10.0.40219.1
Project("{FAE04EC0-301F-11D3-BF4B-00C04F79EFBC}") = "Videojuegos", "Videojuegos\Videojuegos.csproj", "{D7415D5E-DD3C-4EF6-BCAA-5C62B1542758}"
EndProject
Global
	GlobalSection(SolutionConfigurationPlatforms) = preSolution
		Debug|Any CPU = Debug|Any CPU
		Release|Any CPU = Release|Any CPU
	EndGlobalSection
	GlobalSection(ProjectConfigurationPlatforms) = postSolution
		{D7415D5E-DD3C-4EF6-BCAA-5C62B1542758}.Debug|Any CPU.ActiveCfg = Debug|Any CPU
		{D7415D5E-DD3C-4EF6-BCAA-5C62B1542758}.Debug|Any CPU.Build.0 = Debug|Any CPU
		{D7415D5E-DD3C-4EF6-BCAA-5C62B1542758}.Release|Any CPU.ActiveCfg = Release|Any CPU
		{D7415D5E-DD3C-4EF6-BCAA-5C62B1542758}.Release|Any CPU.Build.0 = Release|Any CPU
	EndGlobalSection
	GlobalSection(SolutionProperties) = preSolution
		HideSolutionNode = FALSE
	EndGlobalSection
	GlobalSection(ExtensibilityGlobals) = postSolution
		SolutionGuid = {E92B8F0B-04BD-41F9-A463-8F6BFC96BF54}
	EndGlobalSection
EndGlobal
